
Microsoft Visual Studio Solution File, Format Version 12.00
# Visual Studio Version 16
VisualStudioVersion = 16.0.30413.136
MinimumVisualStudioVersion = 10.0.40219.1
Project("{9A19103F-16F7-4668-BE54-9A1E7A4F7556}") = "EFCORE.Exemplos", "EFCORE.Exemplos\EFCORE.Exemplos.csproj", "{FCF75562-2DF5-4BE4-A108-A3594FFE68C4}"
EndProject
Project("{2150E333-8FDC-42A3-9474-1A3956D46DE8}") = "Solution Items", "Solution Items", "{B150B109-F3BF-41A1-BC15-04D0041EF06F}"
	ProjectSection(SolutionItems) = preProject
		Anotacoes.txt = Anotacoes.txt
	EndProjectSection
EndProject
Global
	GlobalSection(SolutionConfigurationPlatforms) = preSolution
		Debug|Any CPU = Debug|Any CPU
		Release|Any CPU = Release|Any CPU
	EndGlobalSection
	GlobalSection(ProjectConfigurationPlatforms) = postSolution
		{FCF75562-2DF5-4BE4-A108-A3594FFE68C4}.Debug|Any CPU.ActiveCfg = Debug|Any CPU
		{FCF75562-2DF5-4BE4-A108-A3594FFE68C4}.Debug|Any CPU.Build.0 = Debug|Any CPU
		{FCF75562-2DF5-4BE4-A108-A3594FFE68C4}.Release|Any CPU.ActiveCfg = Release|Any CPU
		{FCF75562-2DF5-4BE4-A108-A3594FFE68C4}.Release|Any CPU.Build.0 = Release|Any CPU
	EndGlobalSection
	GlobalSection(SolutionProperties) = preSolution
		HideSolutionNode = FALSE
	EndGlobalSection
	GlobalSection(ExtensibilityGlobals) = postSolution
		SolutionGuid = {E6B7D7E8-8C9F-4D1B-92AF-5E1F5B89C942}
	EndGlobalSection
EndGlobal
